{
  "name": "projetonode",
  "version": "1.0.0",
  "lockfileVersion": 2,
  "requires": true,
  "packages": {
    "": {
      "name": "projetonode",
      "version": "1.0.0",
      "license": "ISC",
      "dependencies": {
        "antlr4": "^4.11.0",
        "sleep": "^6.3.0"
      }
    },
    "node_modules/antlr4": {
      "version": "4.11.0",
      "resolved": "https://registry.npmjs.org/antlr4/-/antlr4-4.11.0.tgz",
      "integrity": "sha512-GUGlpE2JUjAN+G8G5vY+nOoeyNhHsXoIJwP1XF1oRw89vifA1K46T6SEkwLwr7drihN7I/lf0DIjKc4OZvBX8w==",
      "engines": {
        "node": ">=14"
      }
    },
    "node_modules/nan": {
      "version": "2.16.0",
      "resolved": "https://registry.npmjs.org/nan/-/nan-2.16.0.tgz",
      "integrity": "sha512-UdAqHyFngu7TfQKsCBgAA6pWDkT8MAO7d0jyOecVhN5354xbLqdn8mV9Tat9gepAupm0bt2DbeaSC8vS52MuFA=="
    },
    "node_modules/sleep": {
      "version": "6.3.0",
      "resolved": "https://registry.npmjs.org/sleep/-/sleep-6.3.0.tgz",
      "integrity": "sha512-+WgYl951qdUlb1iS97UvQ01pkauoBK9ML9I/CMPg41v0Ze4EyMlTgFTDDo32iYj98IYqxIjDMRd+L71lawFfpQ==",
      "hasInstallScript": true,
      "dependencies": {
        "nan": "^2.14.1"
      },
      "engines": {
        "node": ">=0.8.0"
      }
    }
  },
  "dependencies": {
    "antlr4": {
      "version": "4.11.0",
      "resolved": "https://registry.npmjs.org/antlr4/-/antlr4-4.11.0.tgz",
      "integrity": "sha512-GUGlpE2JUjAN+G8G5vY+nOoeyNhHsXoIJwP1XF1oRw89vifA1K46T6SEkwLwr7drihN7I/lf0DIjKc4OZvBX8w=="
    },
    "nan": {
      "version": "2.16.0",
      "resolved": "https://registry.npmjs.org/nan/-/nan-2.16.0.tgz",
      "integrity": "sha512-UdAqHyFngu7TfQKsCBgAA6pWDkT8MAO7d0jyOecVhN5354xbLqdn8mV9Tat9gepAupm0bt2DbeaSC8vS52MuFA=="
    },
    "sleep": {
      "version": "6.3.0",
      "resolved": "https://registry.npmjs.org/sleep/-/sleep-6.3.0.tgz",
      "integrity": "sha512-+WgYl951qdUlb1iS97UvQ01pkauoBK9ML9I/CMPg41v0Ze4EyMlTgFTDDo32iYj98IYqxIjDMRd+L71lawFfpQ==",
      "requires": {
        "nan": "^2.14.1"
      }
    }
  }
}
