{
  "name": "monolith",
  "version": "1.0.0",
  "lockfileVersion": 2,
  "requires": true,
  "packages": {
    "": {
      "name": "monolith",
      "version": "1.0.0",
      "license": "ISC",
      "dependencies": {
        "distributor": "file:../../distributor"
      }
    },
    "../../distributor": {
      "version": "1.0.0",
      "license": "ISC",
      "bin": {
        "distributor-scripts": "bin/distributor-scripts.js"
      }
    },
    "node_modules/distributor": {
      "resolved": "../../distributor",
      "link": true
    }
  },
  "dependencies": {
    "distributor": {
      "version": "file:../../distributor"
    }
  }
}
